<?xml version="1.0" encoding="utf-8"?>
<Project ToolsVersion="4.0" xmlns="http://schemas.microsoft.com/developer/msbuild/2003">
  <ItemGroup>
    <Filter Include="src">
      <UniqueIdentifier>{5f4d941a-25e1-49d1-b68e-6d19b6fcc72a}</UniqueIdentifier>
    </Filter>
    <Filter Include="Include">
      <UniqueIdentifier>{db28bbbd-eb65-403c-a1eb-dc3c42735ee9}</UniqueIdentifier>
    </Filter>
  </ItemGroup>
  <ItemGroup>
    <ClCompile Include="stdafx.cpp">
      <Filter>src</Filter>
    </ClCompile>
    <ClCompile Include="Encodings_tests.cpp">
      <Filter>src</Filter>
    </ClCompile>
  </ItemGroup>
  <ItemGroup>
    <ClInclude Include="stdafx.h">
      <Filter>src</Filter>
    </ClInclude>
    <ClInclude Include="..\Include\Base64.h">
      <Filter>Include</Filter>
    </ClInclude>
    <ClInclude Include="..\Include\Md5.h">
      <Filter>Include</Filter>
    </ClInclude>
  </ItemGroup>
</Project>